// !$*UTF8*$!
{
	archiveVersion = 1;
	classes = {
	};
	objectVersion = 50;
	objects = {

/* Begin PBXBuildFile section */
		EB7FC3B226E808F50053EE32 /* H4X0R_NewsApp.swift in Sources */ = {isa = PBXBuildFile; fileRef = EB7FC39F26E808F40053EE32 /* H4X0R_NewsApp.swift */; };
		EB7FC3B326E808F50053EE32 /* H4X0R_NewsApp.swift in Sources */ = {isa = PBXBuildFile; fileRef = EB7FC39F26E808F40053EE32 /* H4X0R_NewsApp.swift */; };
		EB7FC3B426E808F50053EE32 /* ContentView.swift in Sources */ = {isa = PBXBuildFile; fileRef = EB7FC3A026E808F40053EE32 /* ContentView.swift */; };
		EB7FC3B526E808F50053EE32 /* ContentView.swift in Sources */ = {isa = PBXBuildFile; fileRef = EB7FC3A026E808F40053EE32 /* ContentView.swift */; };
		EB7FC3B626E808F50053EE32 /* Assets.xcassets in Resources */ = {isa = PBXBuildFile; fileRef = EB7FC3A126E808F50053EE32 /* Assets.xcassets */; };
		EB7FC3B726E808F50053EE32 /* Assets.xcassets in Resources */ = {isa = PBXBuildFile; fileRef = EB7FC3A126E808F50053EE32 /* Assets.xcassets */; };
		EB7FC3C226E811640053EE32 /* NetworkManager.swift in Sources */ = {isa = PBXBuildFile; fileRef = EB7FC3C126E811640053EE32 /* NetworkManager.swift */; };
		EB7FC3C426E814DE0053EE32 /* PostData.swift in Sources */ = {isa = PBXBuildFile; fileRef = EB7FC3C326E814DE0053EE32 /* PostData.swift */; };
/* End PBXBuildFile section */

/* Begin PBXFileReference section */
		EB7FC39F26E808F40053EE32 /* H4X0R_NewsApp.swift */ = {isa = PBXFileReference; lastKnownFileType = sourcecode.swift; path = H4X0R_NewsApp.swift; sourceTree = "<group>"; };
		EB7FC3A026E808F40053EE32 /* ContentView.swift */ = {isa = PBXFileReference; lastKnownFileType = sourcecode.swift; path = ContentView.swift; sourceTree = "<group>"; };
		EB7FC3A126E808F50053EE32 /* Assets.xcassets */ = {isa = PBXFileReference; lastKnownFileType = folder.assetcatalog; path = Assets.xcassets; sourceTree = "<group>"; };
		EB7FC3A626E808F50053EE32 /* H4X0R News.app */ = {isa = PBXFileReference; explicitFileType = wrapper.application; includeInIndex = 0; path = "H4X0R News.app"; sourceTree = BUILT_PRODUCTS_DIR; };
		EB7FC3A926E808F50053EE32 /* Info.plist */ = {isa = PBXFileReference; lastKnownFileType = text.plist.xml; path = Info.plist; sourceTree = "<group>"; };
		EB7FC3AE26E808F50053EE32 /* H4X0R News.app */ = {isa = PBXFileReference; explicitFileType = wrapper.application; includeInIndex = 0; path = "H4X0R News.app"; sourceTree = BUILT_PRODUCTS_DIR; };
		EB7FC3B026E808F50053EE32 /* Info.plist */ = {isa = PBXFileReference; lastKnownFileType = text.plist.xml; path = Info.plist; sourceTree = "<group>"; };
		EB7FC3B126E808F50053EE32 /* macOS.entitlements */ = {isa = PBXFileReference; lastKnownFileType = text.plist.entitlements; path = macOS.entitlements; sourceTree = "<group>"; };
		EB7FC3C126E811640053EE32 /* NetworkManager.swift */ = {isa = PBXFileReference; lastKnownFileType = sourcecode.swift; path = NetworkManager.swift; sourceTree = "<group>"; };
		EB7FC3C326E814DE0053EE32 /* PostData.swift */ = {isa = PBXFileReference; lastKnownFileType = sourcecode.swift; path = PostData.swift; sourceTree = "<group>"; };
/* End PBXFileReference section */

/* Begin PBXFrameworksBuildPhase section */
		EB7FC3A326E808F50053EE32 /* Frameworks */ = {
			isa = PBXFrameworksBuildPhase;
			buildActionMask = 2147483647;
			files = (
			);
			runOnlyForDeploymentPostprocessing = 0;
		};
		EB7FC3AB26E808F50053EE32 /* Frameworks */ = {
			isa = PBXFrameworksBuildPhase;
			buildActionMask = 2147483647;
			files = (
			);
			runOnlyForDeploymentPostprocessing = 0;
		};
/* End PBXFrameworksBuildPhase section */

/* Begin PBXGroup section */
		EB7FC39926E808F30053EE32 = {
			isa = PBXGroup;
			children = (
				EB7FC39E26E808F40053EE32 /* Shared */,
				EB7FC3A826E808F50053EE32 /* iOS */,
				EB7FC3AF26E808F50053EE32 /* macOS */,
				EB7FC3A726E808F50053EE32 /* Products */,
			);
			sourceTree = "<group>";
		};
		EB7FC39E26E808F40053EE32 /* Shared */ = {
			isa = PBXGroup;
			children = (
				EB7FC3C026E8112F0053EE32 /* Models */,
				EB7FC39F26E808F40053EE32 /* H4X0R_NewsApp.swift */,
				EB7FC3A026E808F40053EE32 /* ContentView.swift */,
				EB7FC3A126E808F50053EE32 /* Assets.xcassets */,
			);
			path = Shared;
			sourceTree = "<group>";
		};
		EB7FC3A726E808F50053EE32 /* Products */ = {
			isa = PBXGroup;
			children = (
				EB7FC3A626E808F50053EE32 /* H4X0R News.app */,
				EB7FC3AE26E808F50053EE32 /* H4X0R News.app */,
			);
			name = Products;
			sourceTree = "<group>";
		};
		EB7FC3A826E808F50053EE32 /* iOS */ = {
			isa = PBXGroup;
			children = (
				EB7FC3A926E808F50053EE32 /* Info.plist */,
			);
			path = iOS;
			sourceTree = "<group>";
		};
		EB7FC3AF26E808F50053EE32 /* macOS */ = {
			isa = PBXGroup;
			children = (
				EB7FC3B026E808F50053EE32 /* Info.plist */,
				EB7FC3B126E808F50053EE32 /* macOS.entitlements */,
			);
			path = macOS;
			sourceTree = "<group>";
		};
		EB7FC3C026E8112F0053EE32 /* Models */ = {
			isa = PBXGroup;
			children = (
				EB7FC3C126E811640053EE32 /* NetworkManager.swift */,
				EB7FC3C326E814DE0053EE32 /* PostData.swift */,
			);
			path = Models;
			sourceTree = "<group>";
		};
/* End PBXGroup section */

/* Begin PBXNativeTarget section */
		EB7FC3A526E808F50053EE32 /* H4X0R News (iOS) */ = {
			isa = PBXNativeTarget;
			buildConfigurationList = EB7FC3BA26E808F50053EE32 /* Build configuration list for PBXNativeTarget "H4X0R News (iOS)" */;
			buildPhases = (
				EB7FC3A226E808F50053EE32 /* Sources */,
				EB7FC3A326E808F50053EE32 /* Frameworks */,
				EB7FC3A426E808F50053EE32 /* Resources */,
			);
			buildRules = (
			);
			dependencies = (
			);
			name = "H4X0R News (iOS)";
			productName = "H4X0R News (iOS)";
			productReference = EB7FC3A626E808F50053EE32 /* H4X0R News.app */;
			productType = "com.apple.product-type.application";
		};
		EB7FC3AD26E808F50053EE32 /* H4X0R News (macOS) */ = {
			isa = PBXNativeTarget;
			buildConfigurationList = EB7FC3BD26E808F50053EE32 /* Build configuration list for PBXNativeTarget "H4X0R News (macOS)" */;
			buildPhases = (
				EB7FC3AA26E808F50053EE32 /* Sources */,
				EB7FC3AB26E808F50053EE32 /* Frameworks */,
				EB7FC3AC26E808F50053EE32 /* Resources */,
			);
			buildRules = (
			);
			dependencies = (
			);
			name = "H4X0R News (macOS)";
			productName = "H4X0R News (macOS)";
			productReference = EB7FC3AE26E808F50053EE32 /* H4X0R News.app */;
			productType = "com.apple.product-type.application";
		};
/* End PBXNativeTarget section */

/* Begin PBXProject section */
		EB7FC39A26E808F30053EE32 /* Project object */ = {
			isa = PBXProject;
			attributes = {
				LastSwiftUpdateCheck = 1250;
				LastUpgradeCheck = 1250;
				TargetAttributes = {
					EB7FC3A526E808F50053EE32 = {
						CreatedOnToolsVersion = 12.5.1;
					};
					EB7FC3AD26E808F50053EE32 = {
						CreatedOnToolsVersion = 12.5.1;
					};
				};
			};
			buildConfigurationList = EB7FC39D26E808F30053EE32 /* Build configuration list for PBXProject "H4X0R News" */;
			compatibilityVersion = "Xcode 9.3";
			developmentRegion = en;
			hasScannedForEncodings = 0;
			knownRegions = (
				en,
				Base,
			);
			mainGroup = EB7FC39926E808F30053EE32;
			productRefGroup = EB7FC3A726E808F50053EE32 /* Products */;
			projectDirPath = "";
			projectRoot = "";
			targets = (
				EB7FC3A526E808F50053EE32 /* H4X0R News (iOS) */,
				EB7FC3AD26E808F50053EE32 /* H4X0R News (macOS) */,
			);
		};
/* End PBXProject section */

/* Begin PBXResourcesBuildPhase section */
		EB7FC3A426E808F50053EE32 /* Resources */ = {
			isa = PBXResourcesBuildPhase;
			buildActionMask = 2147483647;
			files = (
				EB7FC3B626E808F50053EE32 /* Assets.xcassets in Resources */,
			);
			runOnlyForDeploymentPostprocessing = 0;
		};
		EB7FC3AC26E808F50053EE32 /* Resources */ = {
			isa = PBXResourcesBuildPhase;
			buildActionMask = 2147483647;
			files = (
				EB7FC3B726E808F50053EE32 /* Assets.xcassets in Resources */,
			);
			runOnlyForDeploymentPostprocessing = 0;
		};
/* End PBXResourcesBuildPhase section */

/* Begin PBXSourcesBuildPhase section */
		EB7FC3A226E808F50053EE32 /* Sources */ = {
			isa = PBXSourcesBuildPhase;
			buildActionMask = 2147483647;
			files = (
				EB7FC3C226E811640053EE32 /* NetworkManager.swift in Sources */,
				EB7FC3C426E814DE0053EE32 /* PostData.swift in Sources */,
				EB7FC3B426E808F50053EE32 /* ContentView.swift in Sources */,
				EB7FC3B226E808F50053EE32 /* H4X0R_NewsApp.swift in Sources */,
			);
			runOnlyForDeploymentPostprocessing = 0;
		};
		EB7FC3AA26E808F50053EE32 /* Sources */ = {
			isa = PBXSourcesBuildPhase;
			buildActionMask = 2147483647;
			files = (
				EB7FC3B526E808F50053EE32 /* ContentView.swift in Sources */,
				EB7FC3B326E808F50053EE32 /* H4X0R_NewsApp.swift in Sources */,
			);
			runOnlyForDeploymentPostprocessing = 0;
		};
/* End PBXSourcesBuildPhase section */

/* Begin XCBuildConfiguration section */
		EB7FC3B826E808F50053EE32 /* Debug */ = {
			isa = XCBuildConfiguration;
			buildSettings = {
				ALWAYS_SEARCH_USER_PATHS = NO;
				CLANG_ANALYZER_NONNULL = YES;
				CLANG_ANALYZER_NUMBER_OBJECT_CONVERSION = YES_AGGRESSIVE;
				CLANG_CXX_LANGUAGE_STANDARD = "gnu++14";
				CLANG_CXX_LIBRARY = "libc++";
				CLANG_ENABLE_MODULES = YES;
				CLANG_ENABLE_OBJC_ARC = YES;
				CLANG_ENABLE_OBJC_WEAK = YES;
				CLANG_WARN_BLOCK_CAPTURE_AUTORELEASING = YES;
				CLANG_WARN_BOOL_CONVERSION = YES;
				CLANG_WARN_COMMA = YES;
				CLANG_WARN_CONSTANT_CONVERSION = YES;
				CLANG_WARN_DEPRECATED_OBJC_IMPLEMENTATIONS = YES;
				CLANG_WARN_DIRECT_OBJC_ISA_USAGE = YES_ERROR;
				CLANG_WARN_DOCUMENTATION_COMMENTS = YES;
				CLANG_WARN_EMPTY_BODY = YES;
				CLANG_WARN_ENUM_CONVERSION = YES;
				CLANG_WARN_INFINITE_RECURSION = YES;
				CLANG_WARN_INT_CONVERSION = YES;
				CLANG_WARN_NON_LITERAL_NULL_CONVERSION = YES;
				CLANG_WARN_OBJC_IMPLICIT_RETAIN_SELF = YES;
				CLANG_WARN_OBJC_LITERAL_CONVERSION = YES;
				CLANG_WARN_OBJC_ROOT_CLASS = YES_ERROR;
				CLANG_WARN_QUOTED_INCLUDE_IN_FRAMEWORK_HEADER = YES;
				CLANG_WARN_RANGE_LOOP_ANALYSIS = YES;
				CLANG_WARN_STRICT_PROTOTYPES = YES;
				CLANG_WARN_SUSPICIOUS_MOVE = YES;
				CLANG_WARN_UNGUARDED_AVAILABILITY = YES_AGGRESSIVE;
				CLANG_WARN_UNREACHABLE_CODE = YES;
				CLANG_WARN__DUPLICATE_METHOD_MATCH = YES;
				COPY_PHASE_STRIP = NO;
				DEBUG_INFORMATION_FORMAT = dwarf;
				ENABLE_STRICT_OBJC_MSGSEND = YES;
				ENABLE_TESTABILITY = YES;
				GCC_C_LANGUAGE_STANDARD = gnu11;
				GCC_DYNAMIC_NO_PIC = NO;
				GCC_NO_COMMON_BLOCKS = YES;
				GCC_OPTIMIZATION_LEVEL = 0;
				GCC_PREPROCESSOR_DEFINITIONS = (
					"DEBUG=1",
					"$(inherited)",
				);
				GCC_WARN_64_TO_32_BIT_CONVERSION = YES;
				GCC_WARN_ABOUT_RETURN_TYPE = YES_ERROR;
				GCC_WARN_UNDECLARED_SELECTOR = YES;
				GCC_WARN_UNINITIALIZED_AUTOS = YES_AGGRESSIVE;
				GCC_WARN_UNUSED_FUNCTION = YES;
				GCC_WARN_UNUSED_VARIABLE = YES;
				MTL_ENABLE_DEBUG_INFO = INCLUDE_SOURCE;
				MTL_FAST_MATH = YES;
				ONLY_ACTIVE_ARCH = YES;
				SWIFT_ACTIVE_COMPILATION_CONDITIONS = DEBUG;
				SWIFT_OPTIMIZATION_LEVEL = "-Onone";
			};
			name = Debug;
		};
		EB7FC3B926E808F50053EE32 /* Release */ = {
			isa = XCBuildConfiguration;
			buildSettings = {
				ALWAYS_SEARCH_USER_PATHS = NO;
				CLANG_ANALYZER_NONNULL = YES;
				CLANG_ANALYZER_NUMBER_OBJECT_CONVERSION = YES_AGGRESSIVE;
				CLANG_CXX_LANGUAGE_STANDARD = "gnu++14";
				CLANG_CXX_LIBRARY = "libc++";
				CLANG_ENABLE_MODULES = YES;
				CLANG_ENABLE_OBJC_ARC = YES;
				CLANG_ENABLE_OBJC_WEAK = YES;
				CLANG_WARN_BLOCK_CAPTURE_AUTORELEASING = YES;
				CLANG_WARN_BOOL_CONVERSION = YES;
				CLANG_WARN_COMMA = YES;
				CLANG_WARN_CONSTANT_CONVERSION = YES;
				CLANG_WARN_DEPRECATED_OBJC_IMPLEMENTATIONS = YES;
				CLANG_WARN_DIRECT_OBJC_ISA_USAGE = YES_ERROR;
				CLANG_WARN_DOCUMENTATION_COMMENTS = YES;
				CLANG_WARN_EMPTY_BODY = YES;
				CLANG_WARN_ENUM_CONVERSION = YES;
				CLANG_WARN_INFINITE_RECURSION = YES;
				CLANG_WARN_INT_CONVERSION = YES;
				CLANG_WARN_NON_LITERAL_NULL_CONVERSION = YES;
				CLANG_WARN_OBJC_IMPLICIT_RETAIN_SELF = YES;
				CLANG_WARN_OBJC_LITERAL_CONVERSION = YES;
				CLANG_WARN_OBJC_ROOT_CLASS = YES_ERROR;
				CLANG_WARN_QUOTED_INCLUDE_IN_FRAMEWORK_HEADER = YES;
				CLANG_WARN_RANGE_LOOP_ANALYSIS = YES;
				CLANG_WARN_STRICT_PROTOTYPES = YES;
				CLANG_WARN_SUSPICIOUS_MOVE = YES;
				CLANG_WARN_UNGUARDED_AVAILABILITY = YES_AGGRESSIVE;
				CLANG_WARN_UNREACHABLE_CODE = YES;
				CLANG_WARN__DUPLICATE_METHOD_MATCH = YES;
				COPY_PHASE_STRIP = NO;
				DEBUG_INFORMATION_FORMAT = "dwarf-with-dsym";
				ENABLE_NS_ASSERTIONS = NO;
				ENABLE_STRICT_OBJC_MSGSEND = YES;
				GCC_C_LANGUAGE_STANDARD = gnu11;
				GCC_NO_COMMON_BLOCKS = YES;
				GCC_WARN_64_TO_32_BIT_CONVERSION = YES;
				GCC_WARN_ABOUT_RETURN_TYPE = YES_ERROR;
				GCC_WARN_UNDECLARED_SELECTOR = YES;
				GCC_WARN_UNINITIALIZED_AUTOS = YES_AGGRESSIVE;
				GCC_WARN_UNUSED_FUNCTION = YES;
				GCC_WARN_UNUSED_VARIABLE = YES;
				MTL_ENABLE_DEBUG_INFO = NO;
				MTL_FAST_MATH = YES;
				SWIFT_COMPILATION_MODE = wholemodule;
				SWIFT_OPTIMIZATION_LEVEL = "-O";
			};
			name = Release;
		};
		EB7FC3BB26E808F50053EE32 /* Debug */ = {
			isa = XCBuildConfiguration;
			buildSettings = {
				ASSETCATALOG_COMPILER_APPICON_NAME = AppIcon;
				ASSETCATALOG_COMPILER_GLOBAL_ACCENT_COLOR_NAME = AccentColor;
				CODE_SIGN_STYLE = Automatic;
				DEVELOPMENT_TEAM = C97V5ZU9S5;
				ENABLE_PREVIEWS = YES;
				INFOPLIST_FILE = iOS/Info.plist;
				IPHONEOS_DEPLOYMENT_TARGET = 14.0;
				LD_RUNPATH_SEARCH_PATHS = (
					"$(inherited)",
					"@executable_path/Frameworks",
				);
				PRODUCT_BUNDLE_IDENTIFIER = "com.mr-araujo.H4X0R-News";
				PRODUCT_NAME = "H4X0R News";
				SDKROOT = iphoneos;
				SWIFT_VERSION = 5.0;
				TARGETED_DEVICE_FAMILY = "1,2";
			};
			name = Debug;
		};
		EB7FC3BC26E808F50053EE32 /* Release */ = {
			isa = XCBuildConfiguration;
			buildSettings = {
				ASSETCATALOG_COMPILER_APPICON_NAME = AppIcon;
				ASSETCATALOG_COMPILER_GLOBAL_ACCENT_COLOR_NAME = AccentColor;
				CODE_SIGN_STYLE = Automatic;
				DEVELOPMENT_TEAM = C97V5ZU9S5;
				ENABLE_PREVIEWS = YES;
				INFOPLIST_FILE = iOS/Info.plist;
				IPHONEOS_DEPLOYMENT_TARGET = 14.0;
				LD_RUNPATH_SEARCH_PATHS = (
					"$(inherited)",
					"@executable_path/Frameworks",
				);
				PRODUCT_BUNDLE_IDENTIFIER = "com.mr-araujo.H4X0R-News";
				PRODUCT_NAME = "H4X0R News";
				SDKROOT = iphoneos;
				SWIFT_VERSION = 5.0;
				TARGETED_DEVICE_FAMILY = "1,2";
				VALIDATE_PRODUCT = YES;
			};
			name = Release;
		};
		EB7FC3BE26E808F50053EE32 /* Debug */ = {
			isa = XCBuildConfiguration;
			buildSettings = {
				ASSETCATALOG_COMPILER_APPICON_NAME = AppIcon;
				ASSETCATALOG_COMPILER_GLOBAL_ACCENT_COLOR_NAME = AccentColor;
				CODE_SIGN_ENTITLEMENTS = macOS/macOS.entitlements;
				CODE_SIGN_STYLE = Automatic;
				COMBINE_HIDPI_IMAGES = YES;
				DEVELOPMENT_TEAM = C97V5ZU9S5;
				ENABLE_HARDENED_RUNTIME = YES;
				ENABLE_PREVIEWS = YES;
				INFOPLIST_FILE = macOS/Info.plist;
				LD_RUNPATH_SEARCH_PATHS = (
					"$(inherited)",
					"@executable_path/../Frameworks",
				);
				MACOSX_DEPLOYMENT_TARGET = 11.0;
				PRODUCT_BUNDLE_IDENTIFIER = "com.mr-araujo.H4X0R-News";
				PRODUCT_NAME = "H4X0R News";
				SDKROOT = macosx;
				SWIFT_VERSION = 5.0;
			};
			name = Debug;
		};
		EB7FC3BF26E808F50053EE32 /* Release */ = {
			isa = XCBuildConfiguration;
			buildSettings = {
				ASSETCATALOG_COMPILER_APPICON_NAME = AppIcon;
				ASSETCATALOG_COMPILER_GLOBAL_ACCENT_COLOR_NAME = AccentColor;
				CODE_SIGN_ENTITLEMENTS = macOS/macOS.entitlements;
				CODE_SIGN_STYLE = Automatic;
				COMBINE_HIDPI_IMAGES = YES;
				DEVELOPMENT_TEAM = C97V5ZU9S5;
				ENABLE_HARDENED_RUNTIME = YES;
				ENABLE_PREVIEWS = YES;
				INFOPLIST_FILE = macOS/Info.plist;
				LD_RUNPATH_SEARCH_PATHS = (
					"$(inherited)",
					"@executable_path/../Frameworks",
				);
				MACOSX_DEPLOYMENT_TARGET = 11.0;
				PRODUCT_BUNDLE_IDENTIFIER = "com.mr-araujo.H4X0R-News";
				PRODUCT_NAME = "H4X0R News";
				SDKROOT = macosx;
				SWIFT_VERSION = 5.0;
			};
			name = Release;
		};
/* End XCBuildConfiguration section */

/* Begin XCConfigurationList section */
		EB7FC39D26E808F30053EE32 /* Build configuration list for PBXProject "H4X0R News" */ = {
			isa = XCConfigurationList;
			buildConfigurations = (
				EB7FC3B826E808F50053EE32 /* Debug */,
				EB7FC3B926E808F50053EE32 /* Release */,
			);
			defaultConfigurationIsVisible = 0;
			defaultConfigurationName = Release;
		};
		EB7FC3BA26E808F50053EE32 /* Build configuration list for PBXNativeTarget "H4X0R News (iOS)" */ = {
			isa = XCConfigurationList;
			buildConfigurations = (
				EB7FC3BB26E808F50053EE32 /* Debug */,
				EB7FC3BC26E808F50053EE32 /* Release */,
			);
			defaultConfigurationIsVisible = 0;
			defaultConfigurationName = Release;
		};
		EB7FC3BD26E808F50053EE32 /* Build configuration list for PBXNativeTarget "H4X0R News (macOS)" */ = {
			isa = XCConfigurationList;
			buildConfigurations = (
				EB7FC3BE26E808F50053EE32 /* Debug */,
				EB7FC3BF26E808F50053EE32 /* Release */,
			);
			defaultConfigurationIsVisible = 0;
			defaultConfigurationName = Release;
		};
/* End XCConfigurationList section */
	};
	rootObject = EB7FC39A26E808F30053EE32 /* Project object */;
}
